
Microsoft Visual Studio Solution File, Format Version 12.00
# Visual Studio Version 16
VisualStudioVersion = 16.0.32228.343
MinimumVisualStudioVersion = 10.0.40219.1
Project("{FAE04EC0-301F-11D3-BF4B-00C04F79EFBC}") = "test1", "test1\test1.csproj", "{B2001C5F-ECD2-465F-88EE-F744B15E543C}"
EndProject
Global
	GlobalSection(SolutionConfigurationPlatforms) = preSolution
		Debug|Any CPU = Debug|Any CPU
		Release|Any CPU = Release|Any CPU
	EndGlobalSection
	GlobalSection(ProjectConfigurationPlatforms) = postSolution
		{B2001C5F-ECD2-465F-88EE-F744B15E543C}.Debug|Any CPU.ActiveCfg = Debug|Any CPU
		{B2001C5F-ECD2-465F-88EE-F744B15E543C}.Debug|Any CPU.Build.0 = Debug|Any CPU
		{B2001C5F-ECD2-465F-88EE-F744B15E543C}.Release|Any CPU.ActiveCfg = Release|Any CPU
		{B2001C5F-ECD2-465F-88EE-F744B15E543C}.Release|Any CPU.Build.0 = Release|Any CPU
	EndGlobalSection
	GlobalSection(SolutionProperties) = preSolution
		HideSolutionNode = FALSE
	EndGlobalSection
	GlobalSection(ExtensibilityGlobals) = postSolution
		SolutionGuid = {0CD7ABF2-EDDE-4223-AD44-BE6430DEF70E}
	EndGlobalSection
EndGlobal
